
Microsoft Visual Studio Solution File, Format Version 12.00
# Visual Studio Version 16
VisualStudioVersion = 16.0.30503.244
MinimumVisualStudioVersion = 10.0.40219.1
Project("{8BC9CEB8-8B4A-11D0-8D11-00A0C91BC942}") = "BFScoupang", "BFScoupang\BFScoupang.vcxproj", "{2494DE31-BAB8-44AD-B118-A24E4A79A6FC}"
EndProject
Global
	GlobalSection(SolutionConfigurationPlatforms) = preSolution
		Debug|x64 = Debug|x64
		Debug|x86 = Debug|x86
		Release|x64 = Release|x64
		Release|x86 = Release|x86
	EndGlobalSection
	GlobalSection(ProjectConfigurationPlatforms) = postSolution
		{2494DE31-BAB8-44AD-B118-A24E4A79A6FC}.Debug|x64.ActiveCfg = Debug|x64
		{2494DE31-BAB8-44AD-B118-A24E4A79A6FC}.Debug|x64.Build.0 = Debug|x64
		{2494DE31-BAB8-44AD-B118-A24E4A79A6FC}.Debug|x86.ActiveCfg = Debug|Win32
		{2494DE31-BAB8-44AD-B118-A24E4A79A6FC}.Debug|x86.Build.0 = Debug|Win32
		{2494DE31-BAB8-44AD-B118-A24E4A79A6FC}.Release|x64.ActiveCfg = Release|x64
		{2494DE31-BAB8-44AD-B118-A24E4A79A6FC}.Release|x64.Build.0 = Release|x64
		{2494DE31-BAB8-44AD-B118-A24E4A79A6FC}.Release|x86.ActiveCfg = Release|Win32
		{2494DE31-BAB8-44AD-B118-A24E4A79A6FC}.Release|x86.Build.0 = Release|Win32
	EndGlobalSection
	GlobalSection(SolutionProperties) = preSolution
		HideSolutionNode = FALSE
	EndGlobalSection
	GlobalSection(ExtensibilityGlobals) = postSolution
		SolutionGuid = {AC9BAE62-3CD1-4DB2-B9F7-839EFA65732E}
	EndGlobalSection
EndGlobal
